
Microsoft Visual Studio Solution File, Format Version 12.00
# Visual Studio Version 17
VisualStudioVersion = 17.0.31903.59
MinimumVisualStudioVersion = 10.0.40219.1
Project("{FAE04EC0-301F-11D3-BF4B-00C04F79EFBC}") = "TollFeeCalculator", "TollFeeCalculator\TollFeeCalculator.csproj", "{12774C6B-6A29-4079-ACD8-39CCD6162C47}"
EndProject
Project("{FAE04EC0-301F-11D3-BF4B-00C04F79EFBC}") = "Tests", "Tests\Tests.csproj", "{B88BA2AB-A2F7-4B82-AD91-445100E8DFA1}"
EndProject
Global
	GlobalSection(SolutionConfigurationPlatforms) = preSolution
		Debug|Any CPU = Debug|Any CPU
		Release|Any CPU = Release|Any CPU
	EndGlobalSection
	GlobalSection(SolutionProperties) = preSolution
		HideSolutionNode = FALSE
	EndGlobalSection
	GlobalSection(ProjectConfigurationPlatforms) = postSolution
		{12774C6B-6A29-4079-ACD8-39CCD6162C47}.Debug|Any CPU.ActiveCfg = Debug|Any CPU
		{12774C6B-6A29-4079-ACD8-39CCD6162C47}.Debug|Any CPU.Build.0 = Debug|Any CPU
		{12774C6B-6A29-4079-ACD8-39CCD6162C47}.Release|Any CPU.ActiveCfg = Release|Any CPU
		{12774C6B-6A29-4079-ACD8-39CCD6162C47}.Release|Any CPU.Build.0 = Release|Any CPU
		{B88BA2AB-A2F7-4B82-AD91-445100E8DFA1}.Debug|Any CPU.ActiveCfg = Debug|Any CPU
		{B88BA2AB-A2F7-4B82-AD91-445100E8DFA1}.Debug|Any CPU.Build.0 = Debug|Any CPU
		{B88BA2AB-A2F7-4B82-AD91-445100E8DFA1}.Release|Any CPU.ActiveCfg = Release|Any CPU
		{B88BA2AB-A2F7-4B82-AD91-445100E8DFA1}.Release|Any CPU.Build.0 = Release|Any CPU
	EndGlobalSection
EndGlobal
